
Microsoft Visual Studio Solution File, Format Version 12.00
# Visual Studio Version 17
VisualStudioVersion = 17.8.34330.188
MinimumVisualStudioVersion = 10.0.40219.1
Project("{9A19103F-16F7-4668-BE54-9A1E7A4F7556}") = "WebApi", "WebApi\WebApi.csproj", "{635B5F4D-F295-494F-A5F6-5538F21AE410}"
EndProject
Project("{FAE04EC0-301F-11D3-BF4B-00C04F79EFBC}") = "Entities", "Entities\Entities.csproj", "{B2A60275-8A92-49B5-9542-D8493C530E72}"
EndProject
Project("{FAE04EC0-301F-11D3-BF4B-00C04F79EFBC}") = "Repositories", "Repositories\Repositories.csproj", "{2DFE2B6B-EE9B-496D-83C9-09B9AECC97C5}"
EndProject
Project("{FAE04EC0-301F-11D3-BF4B-00C04F79EFBC}") = "Services", "Services\Services.csproj", "{CE4BB077-7E20-49CD-ADB7-CB7D13F614E8}"
EndProject
Project("{FAE04EC0-301F-11D3-BF4B-00C04F79EFBC}") = "Presentation", "Presentation\Presentation.csproj", "{A61BEA0D-85F7-4493-BB56-024BE748C420}"
EndProject
Global
	GlobalSection(SolutionConfigurationPlatforms) = preSolution
		Debug|Any CPU = Debug|Any CPU
		Release|Any CPU = Release|Any CPU
	EndGlobalSection
	GlobalSection(ProjectConfigurationPlatforms) = postSolution
		{635B5F4D-F295-494F-A5F6-5538F21AE410}.Debug|Any CPU.ActiveCfg = Debug|Any CPU
		{635B5F4D-F295-494F-A5F6-5538F21AE410}.Debug|Any CPU.Build.0 = Debug|Any CPU
		{635B5F4D-F295-494F-A5F6-5538F21AE410}.Release|Any CPU.ActiveCfg = Release|Any CPU
		{635B5F4D-F295-494F-A5F6-5538F21AE410}.Release|Any CPU.Build.0 = Release|Any CPU
		{B2A60275-8A92-49B5-9542-D8493C530E72}.Debug|Any CPU.ActiveCfg = Debug|Any CPU
		{B2A60275-8A92-49B5-9542-D8493C530E72}.Debug|Any CPU.Build.0 = Debug|Any CPU
		{B2A60275-8A92-49B5-9542-D8493C530E72}.Release|Any CPU.ActiveCfg = Release|Any CPU
		{B2A60275-8A92-49B5-9542-D8493C530E72}.Release|Any CPU.Build.0 = Release|Any CPU
		{2DFE2B6B-EE9B-496D-83C9-09B9AECC97C5}.Debug|Any CPU.ActiveCfg = Debug|Any CPU
		{2DFE2B6B-EE9B-496D-83C9-09B9AECC97C5}.Debug|Any CPU.Build.0 = Debug|Any CPU
		{2DFE2B6B-EE9B-496D-83C9-09B9AECC97C5}.Release|Any CPU.ActiveCfg = Release|Any CPU
		{2DFE2B6B-EE9B-496D-83C9-09B9AECC97C5}.Release|Any CPU.Build.0 = Release|Any CPU
		{CE4BB077-7E20-49CD-ADB7-CB7D13F614E8}.Debug|Any CPU.ActiveCfg = Debug|Any CPU
		{CE4BB077-7E20-49CD-ADB7-CB7D13F614E8}.Debug|Any CPU.Build.0 = Debug|Any CPU
		{CE4BB077-7E20-49CD-ADB7-CB7D13F614E8}.Release|Any CPU.ActiveCfg = Release|Any CPU
		{CE4BB077-7E20-49CD-ADB7-CB7D13F614E8}.Release|Any CPU.Build.0 = Release|Any CPU
		{A61BEA0D-85F7-4493-BB56-024BE748C420}.Debug|Any CPU.ActiveCfg = Debug|Any CPU
		{A61BEA0D-85F7-4493-BB56-024BE748C420}.Debug|Any CPU.Build.0 = Debug|Any CPU
		{A61BEA0D-85F7-4493-BB56-024BE748C420}.Release|Any CPU.ActiveCfg = Release|Any CPU
		{A61BEA0D-85F7-4493-BB56-024BE748C420}.Release|Any CPU.Build.0 = Release|Any CPU
	EndGlobalSection
	GlobalSection(SolutionProperties) = preSolution
		HideSolutionNode = FALSE
	EndGlobalSection
	GlobalSection(ExtensibilityGlobals) = postSolution
		SolutionGuid = {6DD33309-46E8-431B-91FE-114D83E3E5EC}
	EndGlobalSection
EndGlobal
